
Microsoft Visual Studio Solution File, Format Version 12.00
# Visual Studio Version 16
VisualStudioVersion = 16.0.31911.196
MinimumVisualStudioVersion = 10.0.40219.1
Project("{FAE04EC0-301F-11D3-BF4B-00C04F79EFBC}") = "VireiDev", "VireiDev\VireiDev.csproj", "{0ACDA177-1473-414C-9761-6106FDF541F5}"
EndProject
Global
	GlobalSection(SolutionConfigurationPlatforms) = preSolution
		Debug|Any CPU = Debug|Any CPU
		Release|Any CPU = Release|Any CPU
	EndGlobalSection
	GlobalSection(ProjectConfigurationPlatforms) = postSolution
		{0ACDA177-1473-414C-9761-6106FDF541F5}.Debug|Any CPU.ActiveCfg = Debug|Any CPU
		{0ACDA177-1473-414C-9761-6106FDF541F5}.Debug|Any CPU.Build.0 = Debug|Any CPU
		{0ACDA177-1473-414C-9761-6106FDF541F5}.Release|Any CPU.ActiveCfg = Release|Any CPU
		{0ACDA177-1473-414C-9761-6106FDF541F5}.Release|Any CPU.Build.0 = Release|Any CPU
	EndGlobalSection
	GlobalSection(SolutionProperties) = preSolution
		HideSolutionNode = FALSE
	EndGlobalSection
	GlobalSection(ExtensibilityGlobals) = postSolution
		SolutionGuid = {00C55F1B-7556-4744-A140-07A8FD56B58C}
	EndGlobalSection
EndGlobal
